
Microsoft Visual Studio Solution File, Format Version 12.00
# Visual Studio 15
VisualStudioVersion = 15.0.27004.2010
MinimumVisualStudioVersion = 10.0.40219.1
Project("{FAE04EC0-301F-11D3-BF4B-00C04F79EFBC}") = "PetCareApp", "PetCareApp\PetCareApp.csproj", "{C9BE7CD0-7BEF-4EA0-8CD6-33B2814EFEF5}"
EndProject
Project("{FAE04EC0-301F-11D3-BF4B-00C04F79EFBC}") = "PetCareApp.Tests", "PetCareApp.Tests\PetCareApp.Tests.csproj", "{CF5FE45B-C13F-4AF2-BE99-84F78269A926}"
EndProject
Project("{2150E333-8FDC-42A3-9474-1A3956D46DE8}") = "Solution Items", "Solution Items", "{D78B94EB-2279-4F7F-94A7-57A588102913}"
	ProjectSection(SolutionItems) = preProject
		.gitignore = .gitignore
		README.md = README.md
	EndProjectSection
EndProject
Project("{9A19103F-16F7-4668-BE54-9A1E7A4F7556}") = "PetCare.BusinessLogic", "PetCare.BusinessLogic\PetCare.BusinessLogic.csproj", "{A43371E5-53DE-49A2-AACC-FFE749494906}"
EndProject
Project("{FAE04EC0-301F-11D3-BF4B-00C04F79EFBC}") = "PetCare.DataAccess", "PetCare.DataAccess\PetCare.DataAccess.csproj", "{97F70935-0C54-4AE4-8B69-A71E4C26ACDE}"
EndProject
Global
	GlobalSection(SolutionConfigurationPlatforms) = preSolution
		Debug|Any CPU = Debug|Any CPU
		Release|Any CPU = Release|Any CPU
	EndGlobalSection
	GlobalSection(ProjectConfigurationPlatforms) = postSolution
		{C9BE7CD0-7BEF-4EA0-8CD6-33B2814EFEF5}.Debug|Any CPU.ActiveCfg = Debug|Any CPU
		{C9BE7CD0-7BEF-4EA0-8CD6-33B2814EFEF5}.Debug|Any CPU.Build.0 = Debug|Any CPU
		{C9BE7CD0-7BEF-4EA0-8CD6-33B2814EFEF5}.Release|Any CPU.ActiveCfg = Release|Any CPU
		{C9BE7CD0-7BEF-4EA0-8CD6-33B2814EFEF5}.Release|Any CPU.Build.0 = Release|Any CPU
		{CF5FE45B-C13F-4AF2-BE99-84F78269A926}.Debug|Any CPU.ActiveCfg = Debug|Any CPU
		{CF5FE45B-C13F-4AF2-BE99-84F78269A926}.Debug|Any CPU.Build.0 = Debug|Any CPU
		{CF5FE45B-C13F-4AF2-BE99-84F78269A926}.Release|Any CPU.ActiveCfg = Release|Any CPU
		{CF5FE45B-C13F-4AF2-BE99-84F78269A926}.Release|Any CPU.Build.0 = Release|Any CPU
		{A43371E5-53DE-49A2-AACC-FFE749494906}.Debug|Any CPU.ActiveCfg = Debug|Any CPU
		{A43371E5-53DE-49A2-AACC-FFE749494906}.Debug|Any CPU.Build.0 = Debug|Any CPU
		{A43371E5-53DE-49A2-AACC-FFE749494906}.Release|Any CPU.ActiveCfg = Release|Any CPU
		{A43371E5-53DE-49A2-AACC-FFE749494906}.Release|Any CPU.Build.0 = Release|Any CPU
		{97F70935-0C54-4AE4-8B69-A71E4C26ACDE}.Debug|Any CPU.ActiveCfg = Debug|Any CPU
		{97F70935-0C54-4AE4-8B69-A71E4C26ACDE}.Debug|Any CPU.Build.0 = Debug|Any CPU
		{97F70935-0C54-4AE4-8B69-A71E4C26ACDE}.Release|Any CPU.ActiveCfg = Release|Any CPU
		{97F70935-0C54-4AE4-8B69-A71E4C26ACDE}.Release|Any CPU.Build.0 = Release|Any CPU
	EndGlobalSection
	GlobalSection(SolutionProperties) = preSolution
		HideSolutionNode = FALSE
	EndGlobalSection
	GlobalSection(ExtensibilityGlobals) = postSolution
		SolutionGuid = {06E8D234-CE25-4FBC-B357-9339433EE1C8}
	EndGlobalSection
EndGlobal
